<<<<<<< HEAD
<Solution>
  <Project Path="A Lenda do Herói - A Conta do Guerreiro Anão/A Lenda do Herói - A Conta do Guerreiro Anão.csproj" />
</Solution>
=======
<Solution>
  <Project Path="A Lenda do Herói - A Conta do Guerreiro Anão/A Lenda do Herói - A Conta do Guerreiro Anão.csproj" />
</Solution>
>>>>>>> f55d727bd24c417e767feefde92b585043e33c5a
